
Microsoft Visual Studio Solution File, Format Version 12.00
Project("{FAE04EC0-301F-11D3-BF4B-00C04F79EFBC}") = "ProjectManagerApi", "ProjectManagerApi\ProjectManagerApi.csproj", "{A163A2A9-C43F-4089-8DEC-49A53B1BB274}"
EndProject
Project("{2150E333-8FDC-42A3-9474-1A3956D46DE8}") = "Solution Items", "Solution Items", "{B7B4BC64-0E47-4606-8027-D158C7D211BB}"
	ProjectSection(SolutionItems) = preProject
		compose.yaml = compose.yaml
	EndProjectSection
EndProject
Global
	GlobalSection(SolutionConfigurationPlatforms) = preSolution
		Debug|Any CPU = Debug|Any CPU
		Release|Any CPU = Release|Any CPU
	EndGlobalSection
	GlobalSection(ProjectConfigurationPlatforms) = postSolution
		{A163A2A9-C43F-4089-8DEC-49A53B1BB274}.Debug|Any CPU.ActiveCfg = Debug|Any CPU
		{A163A2A9-C43F-4089-8DEC-49A53B1BB274}.Debug|Any CPU.Build.0 = Debug|Any CPU
		{A163A2A9-C43F-4089-8DEC-49A53B1BB274}.Release|Any CPU.ActiveCfg = Release|Any CPU
		{A163A2A9-C43F-4089-8DEC-49A53B1BB274}.Release|Any CPU.Build.0 = Release|Any CPU
	EndGlobalSection
EndGlobal
